
Microsoft Visual Studio Solution File, Format Version 12.00
Project("{FAE04EC0-301F-11D3-BF4B-00C04F79EFBC}") = "GoodStuff.CartApi.Domain", "GoodStuff.CartApi.Domain\GoodStuff.CartApi.Domain.csproj", "{CD79F314-6F3A-4568-B673-E49D116327E1}"
EndProject
Project("{FAE04EC0-301F-11D3-BF4B-00C04F79EFBC}") = "GoodStuff.CartApi.Infrastructure", "GoodStuff.CartApi.Infrastructure\GoodStuff.CartApi.Infrastructure.csproj", "{CEEACCAC-7075-4577-AF48-DB9FD4B136BA}"
EndProject
Project("{FAE04EC0-301F-11D3-BF4B-00C04F79EFBC}") = "GoodStuff.CartApi.Application", "GoodStuff.CartApi.Application\GoodStuff.CartApi.Application.csproj", "{DD27EAE0-2E5F-4B3C-A68E-35DC3740539F}"
EndProject
Project("{FAE04EC0-301F-11D3-BF4B-00C04F79EFBC}") = "GoodStuff.CartApi.Presentation", "GoodStuff.CartApi.Presentation\GoodStuff.CartApi.Presentation.csproj", "{9155B33C-ED27-47DA-8FDE-D84ABEB32B36}"
EndProject
Project("{2150E333-8FDC-42A3-9474-1A3956D46DE8}") = "src", "src", "{460C750A-A23C-4201-A307-59EFF6EA4778}"
EndProject
Project("{2150E333-8FDC-42A3-9474-1A3956D46DE8}") = "tests", "tests", "{E040DCD5-1E00-4F87-8503-0C9407576E1A}"
EndProject
Project("{FAE04EC0-301F-11D3-BF4B-00C04F79EFBC}") = "GoodStuff.CartApi.Application.Test", "GoodStuff.CartApi.Application.Test\GoodStuff.CartApi.Application.Test.csproj", "{CE24992C-DB7C-4C76-925B-3AEF16BE7A62}"
EndProject
Project("{FAE04EC0-301F-11D3-BF4B-00C04F79EFBC}") = "GoodStuff.CartApi.Presentation.Test", "GoodStuff.CartApi.Presentation.Test\GoodStuff.CartApi.Presentation.Test.csproj", "{BDEA9761-37DE-4673-A6C7-BE81E54B60CE}"
EndProject
Project("{2150E333-8FDC-42A3-9474-1A3956D46DE8}") = "Solution Items", "Solution Items", "{E3730B7B-C990-4B29-957E-54290BDB3CD4}"
	ProjectSection(SolutionItems) = preProject
		Dockerfile = Dockerfile
		.dockerignore = .dockerignore
	EndProjectSection
EndProject
Global
	GlobalSection(SolutionConfigurationPlatforms) = preSolution
		Debug|Any CPU = Debug|Any CPU
		Debug|x64 = Debug|x64
		Debug|x86 = Debug|x86
		Release|Any CPU = Release|Any CPU
		Release|x64 = Release|x64
		Release|x86 = Release|x86
	EndGlobalSection
	GlobalSection(ProjectConfigurationPlatforms) = postSolution
		{CD79F314-6F3A-4568-B673-E49D116327E1}.Debug|Any CPU.ActiveCfg = Debug|Any CPU
		{CD79F314-6F3A-4568-B673-E49D116327E1}.Debug|Any CPU.Build.0 = Debug|Any CPU
		{CD79F314-6F3A-4568-B673-E49D116327E1}.Debug|x64.ActiveCfg = Debug|Any CPU
		{CD79F314-6F3A-4568-B673-E49D116327E1}.Debug|x64.Build.0 = Debug|Any CPU
		{CD79F314-6F3A-4568-B673-E49D116327E1}.Debug|x86.ActiveCfg = Debug|Any CPU
		{CD79F314-6F3A-4568-B673-E49D116327E1}.Debug|x86.Build.0 = Debug|Any CPU
		{CD79F314-6F3A-4568-B673-E49D116327E1}.Release|Any CPU.ActiveCfg = Release|Any CPU
		{CD79F314-6F3A-4568-B673-E49D116327E1}.Release|Any CPU.Build.0 = Release|Any CPU
		{CD79F314-6F3A-4568-B673-E49D116327E1}.Release|x64.ActiveCfg = Release|Any CPU
		{CD79F314-6F3A-4568-B673-E49D116327E1}.Release|x64.Build.0 = Release|Any CPU
		{CD79F314-6F3A-4568-B673-E49D116327E1}.Release|x86.ActiveCfg = Release|Any CPU
		{CD79F314-6F3A-4568-B673-E49D116327E1}.Release|x86.Build.0 = Release|Any CPU
		{CEEACCAC-7075-4577-AF48-DB9FD4B136BA}.Debug|Any CPU.ActiveCfg = Debug|Any CPU
		{CEEACCAC-7075-4577-AF48-DB9FD4B136BA}.Debug|Any CPU.Build.0 = Debug|Any CPU
		{CEEACCAC-7075-4577-AF48-DB9FD4B136BA}.Debug|x64.ActiveCfg = Debug|Any CPU
		{CEEACCAC-7075-4577-AF48-DB9FD4B136BA}.Debug|x64.Build.0 = Debug|Any CPU
		{CEEACCAC-7075-4577-AF48-DB9FD4B136BA}.Debug|x86.ActiveCfg = Debug|Any CPU
		{CEEACCAC-7075-4577-AF48-DB9FD4B136BA}.Debug|x86.Build.0 = Debug|Any CPU
		{CEEACCAC-7075-4577-AF48-DB9FD4B136BA}.Release|Any CPU.ActiveCfg = Release|Any CPU
		{CEEACCAC-7075-4577-AF48-DB9FD4B136BA}.Release|Any CPU.Build.0 = Release|Any CPU
		{CEEACCAC-7075-4577-AF48-DB9FD4B136BA}.Release|x64.ActiveCfg = Release|Any CPU
		{CEEACCAC-7075-4577-AF48-DB9FD4B136BA}.Release|x64.Build.0 = Release|Any CPU
		{CEEACCAC-7075-4577-AF48-DB9FD4B136BA}.Release|x86.ActiveCfg = Release|Any CPU
		{CEEACCAC-7075-4577-AF48-DB9FD4B136BA}.Release|x86.Build.0 = Release|Any CPU
		{DD27EAE0-2E5F-4B3C-A68E-35DC3740539F}.Debug|Any CPU.ActiveCfg = Debug|Any CPU
		{DD27EAE0-2E5F-4B3C-A68E-35DC3740539F}.Debug|Any CPU.Build.0 = Debug|Any CPU
		{DD27EAE0-2E5F-4B3C-A68E-35DC3740539F}.Debug|x64.ActiveCfg = Debug|Any CPU
		{DD27EAE0-2E5F-4B3C-A68E-35DC3740539F}.Debug|x64.Build.0 = Debug|Any CPU
		{DD27EAE0-2E5F-4B3C-A68E-35DC3740539F}.Debug|x86.ActiveCfg = Debug|Any CPU
		{DD27EAE0-2E5F-4B3C-A68E-35DC3740539F}.Debug|x86.Build.0 = Debug|Any CPU
		{DD27EAE0-2E5F-4B3C-A68E-35DC3740539F}.Release|Any CPU.ActiveCfg = Release|Any CPU
		{DD27EAE0-2E5F-4B3C-A68E-35DC3740539F}.Release|Any CPU.Build.0 = Release|Any CPU
		{DD27EAE0-2E5F-4B3C-A68E-35DC3740539F}.Release|x64.ActiveCfg = Release|Any CPU
		{DD27EAE0-2E5F-4B3C-A68E-35DC3740539F}.Release|x64.Build.0 = Release|Any CPU
		{DD27EAE0-2E5F-4B3C-A68E-35DC3740539F}.Release|x86.ActiveCfg = Release|Any CPU
		{DD27EAE0-2E5F-4B3C-A68E-35DC3740539F}.Release|x86.Build.0 = Release|Any CPU
		{9155B33C-ED27-47DA-8FDE-D84ABEB32B36}.Debug|Any CPU.ActiveCfg = Debug|Any CPU
		{9155B33C-ED27-47DA-8FDE-D84ABEB32B36}.Debug|Any CPU.Build.0 = Debug|Any CPU
		{9155B33C-ED27-47DA-8FDE-D84ABEB32B36}.Debug|x64.ActiveCfg = Debug|Any CPU
		{9155B33C-ED27-47DA-8FDE-D84ABEB32B36}.Debug|x64.Build.0 = Debug|Any CPU
		{9155B33C-ED27-47DA-8FDE-D84ABEB32B36}.Debug|x86.ActiveCfg = Debug|Any CPU
		{9155B33C-ED27-47DA-8FDE-D84ABEB32B36}.Debug|x86.Build.0 = Debug|Any CPU
		{9155B33C-ED27-47DA-8FDE-D84ABEB32B36}.Release|Any CPU.ActiveCfg = Release|Any CPU
		{9155B33C-ED27-47DA-8FDE-D84ABEB32B36}.Release|Any CPU.Build.0 = Release|Any CPU
		{9155B33C-ED27-47DA-8FDE-D84ABEB32B36}.Release|x64.ActiveCfg = Release|Any CPU
		{9155B33C-ED27-47DA-8FDE-D84ABEB32B36}.Release|x64.Build.0 = Release|Any CPU
		{9155B33C-ED27-47DA-8FDE-D84ABEB32B36}.Release|x86.ActiveCfg = Release|Any CPU
		{9155B33C-ED27-47DA-8FDE-D84ABEB32B36}.Release|x86.Build.0 = Release|Any CPU
		{CE24992C-DB7C-4C76-925B-3AEF16BE7A62}.Debug|Any CPU.ActiveCfg = Debug|Any CPU
		{CE24992C-DB7C-4C76-925B-3AEF16BE7A62}.Debug|Any CPU.Build.0 = Debug|Any CPU
		{CE24992C-DB7C-4C76-925B-3AEF16BE7A62}.Debug|x64.ActiveCfg = Debug|Any CPU
		{CE24992C-DB7C-4C76-925B-3AEF16BE7A62}.Debug|x64.Build.0 = Debug|Any CPU
		{CE24992C-DB7C-4C76-925B-3AEF16BE7A62}.Debug|x86.ActiveCfg = Debug|Any CPU
		{CE24992C-DB7C-4C76-925B-3AEF16BE7A62}.Debug|x86.Build.0 = Debug|Any CPU
		{CE24992C-DB7C-4C76-925B-3AEF16BE7A62}.Release|Any CPU.ActiveCfg = Release|Any CPU
		{CE24992C-DB7C-4C76-925B-3AEF16BE7A62}.Release|Any CPU.Build.0 = Release|Any CPU
		{CE24992C-DB7C-4C76-925B-3AEF16BE7A62}.Release|x64.ActiveCfg = Release|Any CPU
		{CE24992C-DB7C-4C76-925B-3AEF16BE7A62}.Release|x64.Build.0 = Release|Any CPU
		{CE24992C-DB7C-4C76-925B-3AEF16BE7A62}.Release|x86.ActiveCfg = Release|Any CPU
		{CE24992C-DB7C-4C76-925B-3AEF16BE7A62}.Release|x86.Build.0 = Release|Any CPU
		{BDEA9761-37DE-4673-A6C7-BE81E54B60CE}.Debug|Any CPU.ActiveCfg = Debug|Any CPU
		{BDEA9761-37DE-4673-A6C7-BE81E54B60CE}.Debug|Any CPU.Build.0 = Debug|Any CPU
		{BDEA9761-37DE-4673-A6C7-BE81E54B60CE}.Debug|x64.ActiveCfg = Debug|Any CPU
		{BDEA9761-37DE-4673-A6C7-BE81E54B60CE}.Debug|x64.Build.0 = Debug|Any CPU
		{BDEA9761-37DE-4673-A6C7-BE81E54B60CE}.Debug|x86.ActiveCfg = Debug|Any CPU
		{BDEA9761-37DE-4673-A6C7-BE81E54B60CE}.Debug|x86.Build.0 = Debug|Any CPU
		{BDEA9761-37DE-4673-A6C7-BE81E54B60CE}.Release|Any CPU.ActiveCfg = Release|Any CPU
		{BDEA9761-37DE-4673-A6C7-BE81E54B60CE}.Release|Any CPU.Build.0 = Release|Any CPU
		{BDEA9761-37DE-4673-A6C7-BE81E54B60CE}.Release|x64.ActiveCfg = Release|Any CPU
		{BDEA9761-37DE-4673-A6C7-BE81E54B60CE}.Release|x64.Build.0 = Release|Any CPU
		{BDEA9761-37DE-4673-A6C7-BE81E54B60CE}.Release|x86.ActiveCfg = Release|Any CPU
		{BDEA9761-37DE-4673-A6C7-BE81E54B60CE}.Release|x86.Build.0 = Release|Any CPU
	EndGlobalSection
	GlobalSection(SolutionProperties) = preSolution
		HideSolutionNode = FALSE
	EndGlobalSection
	GlobalSection(NestedProjects) = preSolution
		{DD27EAE0-2E5F-4B3C-A68E-35DC3740539F} = {460C750A-A23C-4201-A307-59EFF6EA4778}
		{CD79F314-6F3A-4568-B673-E49D116327E1} = {460C750A-A23C-4201-A307-59EFF6EA4778}
		{CEEACCAC-7075-4577-AF48-DB9FD4B136BA} = {460C750A-A23C-4201-A307-59EFF6EA4778}
		{9155B33C-ED27-47DA-8FDE-D84ABEB32B36} = {460C750A-A23C-4201-A307-59EFF6EA4778}
		{CE24992C-DB7C-4C76-925B-3AEF16BE7A62} = {E040DCD5-1E00-4F87-8503-0C9407576E1A}
		{BDEA9761-37DE-4673-A6C7-BE81E54B60CE} = {E040DCD5-1E00-4F87-8503-0C9407576E1A}
	EndGlobalSection
EndGlobal
