
Microsoft Visual Studio Solution File, Format Version 12.00
Project("{FAE04EC0-301F-11D3-BF4B-00C04F79EFBC}") = "GoodStuff.CartApi.Presentation", "GoodStuff.CartApi.Presentation\GoodStuff.CartApi.Presentation.csproj", "{5E450776-C270-4DE7-AC3A-16DF70F43E02}"
EndProject
Project("{FAE04EC0-301F-11D3-BF4B-00C04F79EFBC}") = "GoodStuff.CartApi.Domain", "GoodStuff.CartApi.Domain\GoodStuff.CartApi.Domain.csproj", "{CD79F314-6F3A-4568-B673-E49D116327E1}"
EndProject
Project("{FAE04EC0-301F-11D3-BF4B-00C04F79EFBC}") = "GoodStuff.CartApi.Infrastructure", "GoodStuff.CartApi.Infrastructure\GoodStuff.CartApi.Infrastructure.csproj", "{CEEACCAC-7075-4577-AF48-DB9FD4B136BA}"
EndProject
Project("{FAE04EC0-301F-11D3-BF4B-00C04F79EFBC}") = "GoodStuff.CartApi.Application", "GoodStuff.CartApi.Application\GoodStuff.CartApi.Application.csproj", "{DD27EAE0-2E5F-4B3C-A68E-35DC3740539F}"
EndProject
Global
	GlobalSection(SolutionConfigurationPlatforms) = preSolution
		Debug|Any CPU = Debug|Any CPU
		Debug|x64 = Debug|x64
		Debug|x86 = Debug|x86
		Release|Any CPU = Release|Any CPU
		Release|x64 = Release|x64
		Release|x86 = Release|x86
	EndGlobalSection
	GlobalSection(ProjectConfigurationPlatforms) = postSolution
		{5E450776-C270-4DE7-AC3A-16DF70F43E02}.Debug|Any CPU.ActiveCfg = Debug|Any CPU
		{5E450776-C270-4DE7-AC3A-16DF70F43E02}.Debug|Any CPU.Build.0 = Debug|Any CPU
		{5E450776-C270-4DE7-AC3A-16DF70F43E02}.Debug|x64.ActiveCfg = Debug|Any CPU
		{5E450776-C270-4DE7-AC3A-16DF70F43E02}.Debug|x64.Build.0 = Debug|Any CPU
		{5E450776-C270-4DE7-AC3A-16DF70F43E02}.Debug|x86.ActiveCfg = Debug|Any CPU
		{5E450776-C270-4DE7-AC3A-16DF70F43E02}.Debug|x86.Build.0 = Debug|Any CPU
		{5E450776-C270-4DE7-AC3A-16DF70F43E02}.Release|Any CPU.ActiveCfg = Release|Any CPU
		{5E450776-C270-4DE7-AC3A-16DF70F43E02}.Release|Any CPU.Build.0 = Release|Any CPU
		{5E450776-C270-4DE7-AC3A-16DF70F43E02}.Release|x64.ActiveCfg = Release|Any CPU
		{5E450776-C270-4DE7-AC3A-16DF70F43E02}.Release|x64.Build.0 = Release|Any CPU
		{5E450776-C270-4DE7-AC3A-16DF70F43E02}.Release|x86.ActiveCfg = Release|Any CPU
		{5E450776-C270-4DE7-AC3A-16DF70F43E02}.Release|x86.Build.0 = Release|Any CPU
		{CD79F314-6F3A-4568-B673-E49D116327E1}.Debug|Any CPU.ActiveCfg = Debug|Any CPU
		{CD79F314-6F3A-4568-B673-E49D116327E1}.Debug|Any CPU.Build.0 = Debug|Any CPU
		{CD79F314-6F3A-4568-B673-E49D116327E1}.Debug|x64.ActiveCfg = Debug|Any CPU
		{CD79F314-6F3A-4568-B673-E49D116327E1}.Debug|x64.Build.0 = Debug|Any CPU
		{CD79F314-6F3A-4568-B673-E49D116327E1}.Debug|x86.ActiveCfg = Debug|Any CPU
		{CD79F314-6F3A-4568-B673-E49D116327E1}.Debug|x86.Build.0 = Debug|Any CPU
		{CD79F314-6F3A-4568-B673-E49D116327E1}.Release|Any CPU.ActiveCfg = Release|Any CPU
		{CD79F314-6F3A-4568-B673-E49D116327E1}.Release|Any CPU.Build.0 = Release|Any CPU
		{CD79F314-6F3A-4568-B673-E49D116327E1}.Release|x64.ActiveCfg = Release|Any CPU
		{CD79F314-6F3A-4568-B673-E49D116327E1}.Release|x64.Build.0 = Release|Any CPU
		{CD79F314-6F3A-4568-B673-E49D116327E1}.Release|x86.ActiveCfg = Release|Any CPU
		{CD79F314-6F3A-4568-B673-E49D116327E1}.Release|x86.Build.0 = Release|Any CPU
		{CEEACCAC-7075-4577-AF48-DB9FD4B136BA}.Debug|Any CPU.ActiveCfg = Debug|Any CPU
		{CEEACCAC-7075-4577-AF48-DB9FD4B136BA}.Debug|Any CPU.Build.0 = Debug|Any CPU
		{CEEACCAC-7075-4577-AF48-DB9FD4B136BA}.Debug|x64.ActiveCfg = Debug|Any CPU
		{CEEACCAC-7075-4577-AF48-DB9FD4B136BA}.Debug|x64.Build.0 = Debug|Any CPU
		{CEEACCAC-7075-4577-AF48-DB9FD4B136BA}.Debug|x86.ActiveCfg = Debug|Any CPU
		{CEEACCAC-7075-4577-AF48-DB9FD4B136BA}.Debug|x86.Build.0 = Debug|Any CPU
		{CEEACCAC-7075-4577-AF48-DB9FD4B136BA}.Release|Any CPU.ActiveCfg = Release|Any CPU
		{CEEACCAC-7075-4577-AF48-DB9FD4B136BA}.Release|Any CPU.Build.0 = Release|Any CPU
		{CEEACCAC-7075-4577-AF48-DB9FD4B136BA}.Release|x64.ActiveCfg = Release|Any CPU
		{CEEACCAC-7075-4577-AF48-DB9FD4B136BA}.Release|x64.Build.0 = Release|Any CPU
		{CEEACCAC-7075-4577-AF48-DB9FD4B136BA}.Release|x86.ActiveCfg = Release|Any CPU
		{CEEACCAC-7075-4577-AF48-DB9FD4B136BA}.Release|x86.Build.0 = Release|Any CPU
		{DD27EAE0-2E5F-4B3C-A68E-35DC3740539F}.Debug|Any CPU.ActiveCfg = Debug|Any CPU
		{DD27EAE0-2E5F-4B3C-A68E-35DC3740539F}.Debug|Any CPU.Build.0 = Debug|Any CPU
		{DD27EAE0-2E5F-4B3C-A68E-35DC3740539F}.Debug|x64.ActiveCfg = Debug|Any CPU
		{DD27EAE0-2E5F-4B3C-A68E-35DC3740539F}.Debug|x64.Build.0 = Debug|Any CPU
		{DD27EAE0-2E5F-4B3C-A68E-35DC3740539F}.Debug|x86.ActiveCfg = Debug|Any CPU
		{DD27EAE0-2E5F-4B3C-A68E-35DC3740539F}.Debug|x86.Build.0 = Debug|Any CPU
		{DD27EAE0-2E5F-4B3C-A68E-35DC3740539F}.Release|Any CPU.ActiveCfg = Release|Any CPU
		{DD27EAE0-2E5F-4B3C-A68E-35DC3740539F}.Release|Any CPU.Build.0 = Release|Any CPU
		{DD27EAE0-2E5F-4B3C-A68E-35DC3740539F}.Release|x64.ActiveCfg = Release|Any CPU
		{DD27EAE0-2E5F-4B3C-A68E-35DC3740539F}.Release|x64.Build.0 = Release|Any CPU
		{DD27EAE0-2E5F-4B3C-A68E-35DC3740539F}.Release|x86.ActiveCfg = Release|Any CPU
		{DD27EAE0-2E5F-4B3C-A68E-35DC3740539F}.Release|x86.Build.0 = Release|Any CPU
	EndGlobalSection
	GlobalSection(SolutionProperties) = preSolution
		HideSolutionNode = FALSE
	EndGlobalSection
EndGlobal
